{
  "requires": true,
  "lockfileVersion": 1,
  "dependencies": {
    "jsonresume-theme-material": {
      "version": "1.1.2",
      "resolved": "https://registry.npmjs.org/jsonresume-theme-material/-/jsonresume-theme-material-1.1.2.tgz",
      "integrity": "sha1-KafJxvC1lz3wSv4l96b+4jiKJYY="
    }
  }
}
